// !$*UTF8*$!
{
	archiveVersion = 1;
	classes = {
	};
	objectVersion = 46;
	objects = {

/* Begin PBXBuildFile section */
		92381FE61CA4725800B9AD21 /* AppDelegate.swift in Sources */ = {isa = PBXBuildFile; fileRef = 92381FE51CA4725800B9AD21 /* AppDelegate.swift */; };
		92381FE81CA4725800B9AD21 /* ViewController.swift in Sources */ = {isa = PBXBuildFile; fileRef = 92381FE71CA4725800B9AD21 /* ViewController.swift */; };
		92381FEB1CA4725800B9AD21 /* Main.storyboard in Resources */ = {isa = PBXBuildFile; fileRef = 92381FE91CA4725800B9AD21 /* Main.storyboard */; };
		92381FED1CA4725800B9AD21 /* Assets.xcassets in Resources */ = {isa = PBXBuildFile; fileRef = 92381FEC1CA4725800B9AD21 /* Assets.xcassets */; };
		92381FF01CA4725800B9AD21 /* LaunchScreen.storyboard in Resources */ = {isa = PBXBuildFile; fileRef = 92381FEE1CA4725800B9AD21 /* LaunchScreen.storyboard */; };
		92381FF81CA48F6500B9AD21 /* AVFoundation.framework in Frameworks */ = {isa = PBXBuildFile; fileRef = 92381FF71CA48F6500B9AD21 /* AVFoundation.framework */; };
/* End PBXBuildFile section */

/* Begin PBXFileReference section */
		92381FE21CA4725800B9AD21 /* MaigConchShell.app */ = {isa = PBXFileReference; explicitFileType = wrapper.application; includeInIndex = 0; path = MaigConchShell.app; sourceTree = BUILT_PRODUCTS_DIR; };
		92381FE51CA4725800B9AD21 /* AppDelegate.swift */ = {isa = PBXFileReference; lastKnownFileType = sourcecode.swift; path = AppDelegate.swift; sourceTree = "<group>"; };
		92381FE71CA4725800B9AD21 /* ViewController.swift */ = {isa = PBXFileReference; lastKnownFileType = sourcecode.swift; path = ViewController.swift; sourceTree = "<group>"; };
		92381FEA1CA4725800B9AD21 /* Base */ = {isa = PBXFileReference; lastKnownFileType = file.storyboard; name = Base; path = Base.lproj/Main.storyboard; sourceTree = "<group>"; };
		92381FEC1CA4725800B9AD21 /* Assets.xcassets */ = {isa = PBXFileReference; lastKnownFileType = folder.assetcatalog; path = Assets.xcassets; sourceTree = "<group>"; };
		92381FEF1CA4725800B9AD21 /* Base */ = {isa = PBXFileReference; lastKnownFileType = file.storyboard; name = Base; path = Base.lproj/LaunchScreen.storyboard; sourceTree = "<group>"; };
		92381FF11CA4725800B9AD21 /* Info.plist */ = {isa = PBXFileReference; lastKnownFileType = text.plist.xml; path = Info.plist; sourceTree = "<group>"; };
		92381FF71CA48F6500B9AD21 /* AVFoundation.framework */ = {isa = PBXFileReference; lastKnownFileType = wrapper.framework; name = AVFoundation.framework; path = System/Library/Frameworks/AVFoundation.framework; sourceTree = SDKROOT; };
/* End PBXFileReference section */

/* Begin PBXFrameworksBuildPhase section */
		92381FDF1CA4725800B9AD21 /* Frameworks */ = {
			isa = PBXFrameworksBuildPhase;
			buildActionMask = 2147483647;
			files = (
				92381FF81CA48F6500B9AD21 /* AVFoundation.framework in Frameworks */,
			);
			runOnlyForDeploymentPostprocessing = 0;
		};
/* End PBXFrameworksBuildPhase section */

/* Begin PBXGroup section */
		92381FD91CA4725800B9AD21 = {
			isa = PBXGroup;
			children = (
				92381FF71CA48F6500B9AD21 /* AVFoundation.framework */,
				92381FE41CA4725800B9AD21 /* HelloWorld */,
				92381FE31CA4725800B9AD21 /* Products */,
			);
			sourceTree = "<group>";
		};
		92381FE31CA4725800B9AD21 /* Products */ = {
			isa = PBXGroup;
			children = (
				92381FE21CA4725800B9AD21 /* MaigConchShell.app */,
			);
			name = Products;
			sourceTree = "<group>";
		};
		92381FE41CA4725800B9AD21 /* HelloWorld */ = {
			isa = PBXGroup;
			children = (
				92381FE51CA4725800B9AD21 /* AppDelegate.swift */,
				92381FE71CA4725800B9AD21 /* ViewController.swift */,
				92381FE91CA4725800B9AD21 /* Main.storyboard */,
				92381FEC1CA4725800B9AD21 /* Assets.xcassets */,
				92381FEE1CA4725800B9AD21 /* LaunchScreen.storyboard */,
				92381FF11CA4725800B9AD21 /* Info.plist */,
			);
			path = HelloWorld;
			sourceTree = "<group>";
		};
/* End PBXGroup section */

/* Begin PBXNativeTarget section */
		92381FE11CA4725800B9AD21 /* MaigConchShell */ = {
			isa = PBXNativeTarget;
			buildConfigurationList = 92381FF41CA4725800B9AD21 /* Build configuration list for PBXNativeTarget "MaigConchShell" */;
			buildPhases = (
				92381FDE1CA4725800B9AD21 /* Sources */,
				92381FDF1CA4725800B9AD21 /* Frameworks */,
				92381FE01CA4725800B9AD21 /* Resources */,
			);
			buildRules = (
			);
			dependencies = (
			);
			name = MaigConchShell;
			productName = HelloWorld;
			productReference = 92381FE21CA4725800B9AD21 /* MaigConchShell.app */;
			productType = "com.apple.product-type.application";
		};
/* End PBXNativeTarget section */

/* Begin PBXProject section */
		92381FDA1CA4725800B9AD21 /* Project object */ = {
			isa = PBXProject;
			attributes = {
				LastSwiftUpdateCheck = 0720;
				LastUpgradeCheck = 0720;
				ORGANIZATIONNAME = "Sebastián Osorio";
				TargetAttributes = {
					92381FE11CA4725800B9AD21 = {
						CreatedOnToolsVersion = 7.2.1;
						DevelopmentTeam = CTRJAE2R9M;
					};
				};
			};
			buildConfigurationList = 92381FDD1CA4725800B9AD21 /* Build configuration list for PBXProject "MaigConchShell" */;
			compatibilityVersion = "Xcode 3.2";
			developmentRegion = English;
			hasScannedForEncodings = 0;
			knownRegions = (
				en,
				Base,
			);
			mainGroup = 92381FD91CA4725800B9AD21;
			productRefGroup = 92381FE31CA4725800B9AD21 /* Products */;
			projectDirPath = "";
			projectRoot = "";
			targets = (
				92381FE11CA4725800B9AD21 /* MaigConchShell */,
			);
		};
/* End PBXProject section */

/* Begin PBXResourcesBuildPhase section */
		92381FE01CA4725800B9AD21 /* Resources */ = {
			isa = PBXResourcesBuildPhase;
			buildActionMask = 2147483647;
			files = (
				92381FF01CA4725800B9AD21 /* LaunchScreen.storyboard in Resources */,
				92381FED1CA4725800B9AD21 /* Assets.xcassets in Resources */,
				92381FEB1CA4725800B9AD21 /* Main.storyboard in Resources */,
			);
			runOnlyForDeploymentPostprocessing = 0;
		};
/* End PBXResourcesBuildPhase section */

/* Begin PBXSourcesBuildPhase section */
		92381FDE1CA4725800B9AD21 /* Sources */ = {
			isa = PBXSourcesBuildPhase;
			buildActionMask = 2147483647;
			files = (
				92381FE81CA4725800B9AD21 /* ViewController.swift in Sources */,
				92381FE61CA4725800B9AD21 /* AppDelegate.swift in Sources */,
			);
			runOnlyForDeploymentPostprocessing = 0;
		};
/* End PBXSourcesBuildPhase section */

/* Begin PBXVariantGroup section */
		92381FE91CA4725800B9AD21 /* Main.storyboard */ = {
			isa = PBXVariantGroup;
			children = (
				92381FEA1CA4725800B9AD21 /* Base */,
			);
			name = Main.storyboard;
			sourceTree = "<group>";
		};
		92381FEE1CA4725800B9AD21 /* LaunchScreen.storyboard */ = {
			isa = PBXVariantGroup;
			children = (
				92381FEF1CA4725800B9AD21 /* Base */,
			);
			name = LaunchScreen.storyboard;
			sourceTree = "<group>";
		};
/* End PBXVariantGroup section */

/* Begin XCBuildConfiguration section */
		92381FF21CA4725800B9AD21 /* Debug */ = {
			isa = XCBuildConfiguration;
			buildSettings = {
				ALWAYS_SEARCH_USER_PATHS = NO;
				CLANG_CXX_LANGUAGE_STANDARD = "gnu++0x";
				CLANG_CXX_LIBRARY = "libc++";
				CLANG_ENABLE_MODULES = YES;
				CLANG_ENABLE_OBJC_ARC = YES;
				CLANG_WARN_BOOL_CONVERSION = YES;
				CLANG_WARN_CONSTANT_CONVERSION = YES;
				CLANG_WARN_DIRECT_OBJC_ISA_USAGE = YES_ERROR;
				CLANG_WARN_EMPTY_BODY = YES;
				CLANG_WARN_ENUM_CONVERSION = YES;
				CLANG_WARN_INT_CONVERSION = YES;
				CLANG_WARN_OBJC_ROOT_CLASS = YES_ERROR;
				CLANG_WARN_UNREACHABLE_CODE = YES;
				CLANG_WARN__DUPLICATE_METHOD_MATCH = YES;
				"CODE_SIGN_IDENTITY[sdk=iphoneos*]" = "iPhone Developer";
				COPY_PHASE_STRIP = NO;
				DEBUG_INFORMATION_FORMAT = dwarf;
				ENABLE_STRICT_OBJC_MSGSEND = YES;
				ENABLE_TESTABILITY = YES;
				GCC_C_LANGUAGE_STANDARD = gnu99;
				GCC_DYNAMIC_NO_PIC = NO;
				GCC_NO_COMMON_BLOCKS = YES;
				GCC_OPTIMIZATION_LEVEL = 0;
				GCC_PREPROCESSOR_DEFINITIONS = (
					"DEBUG=1",
					"$(inherited)",
				);
				GCC_WARN_64_TO_32_BIT_CONVERSION = YES;
				GCC_WARN_ABOUT_RETURN_TYPE = YES_ERROR;
				GCC_WARN_UNDECLARED_SELECTOR = YES;
				GCC_WARN_UNINITIALIZED_AUTOS = YES_AGGRESSIVE;
				GCC_WARN_UNUSED_FUNCTION = YES;
				GCC_WARN_UNUSED_VARIABLE = YES;
				IPHONEOS_DEPLOYMENT_TARGET = 9.2;
				MTL_ENABLE_DEBUG_INFO = YES;
				ONLY_ACTIVE_ARCH = YES;
				SDKROOT = iphoneos;
				SWIFT_OPTIMIZATION_LEVEL = "-Onone";
			};
			name = Debug;
		};
		92381FF31CA4725800B9AD21 /* Release */ = {
			isa = XCBuildConfiguration;
			buildSettings = {
				ALWAYS_SEARCH_USER_PATHS = NO;
				CLANG_CXX_LANGUAGE_STANDARD = "gnu++0x";
				CLANG_CXX_LIBRARY = "libc++";
				CLANG_ENABLE_MODULES = YES;
				CLANG_ENABLE_OBJC_ARC = YES;
				CLANG_WARN_BOOL_CONVERSION = YES;
				CLANG_WARN_CONSTANT_CONVERSION = YES;
				CLANG_WARN_DIRECT_OBJC_ISA_USAGE = YES_ERROR;
				CLANG_WARN_EMPTY_BODY = YES;
				CLANG_WARN_ENUM_CONVERSION = YES;
				CLANG_WARN_INT_CONVERSION = YES;
				CLANG_WARN_OBJC_ROOT_CLASS = YES_ERROR;
				CLANG_WARN_UNREACHABLE_CODE = YES;
				CLANG_WARN__DUPLICATE_METHOD_MATCH = YES;
				"CODE_SIGN_IDENTITY[sdk=iphoneos*]" = "iPhone Developer";
				COPY_PHASE_STRIP = NO;
				DEBUG_INFORMATION_FORMAT = "dwarf-with-dsym";
				ENABLE_NS_ASSERTIONS = NO;
				ENABLE_STRICT_OBJC_MSGSEND = YES;
				GCC_C_LANGUAGE_STANDARD = gnu99;
				GCC_NO_COMMON_BLOCKS = YES;
				GCC_WARN_64_TO_32_BIT_CONVERSION = YES;
				GCC_WARN_ABOUT_RETURN_TYPE = YES_ERROR;
				GCC_WARN_UNDECLARED_SELECTOR = YES;
				GCC_WARN_UNINITIALIZED_AUTOS = YES_AGGRESSIVE;
				GCC_WARN_UNUSED_FUNCTION = YES;
				GCC_WARN_UNUSED_VARIABLE = YES;
				IPHONEOS_DEPLOYMENT_TARGET = 9.2;
				MTL_ENABLE_DEBUG_INFO = NO;
				SDKROOT = iphoneos;
				VALIDATE_PRODUCT = YES;
			};
			name = Release;
		};
		92381FF51CA4725800B9AD21 /* Debug */ = {
			isa = XCBuildConfiguration;
			buildSettings = {
				ASSETCATALOG_COMPILER_APPICON_NAME = AppIcon;
				CODE_SIGN_IDENTITY = "iPhone Developer";
				"CODE_SIGN_IDENTITY[sdk=iphoneos*]" = "iPhone Developer";
				INFOPLIST_FILE = HelloWorld/Info.plist;
				LD_RUNPATH_SEARCH_PATHS = "$(inherited) @executable_path/Frameworks";
				PRODUCT_BUNDLE_IDENTIFIER = co.svzosorio.MagicConchShell;
				PRODUCT_NAME = MaigConchShell;
				PROVISIONING_PROFILE = "";
			};
			name = Debug;
		};
		92381FF61CA4725800B9AD21 /* Release */ = {
			isa = XCBuildConfiguration;
			buildSettings = {
				ASSETCATALOG_COMPILER_APPICON_NAME = AppIcon;
				CODE_SIGN_IDENTITY = "iPhone Developer";
				"CODE_SIGN_IDENTITY[sdk=iphoneos*]" = "iPhone Developer";
				INFOPLIST_FILE = HelloWorld/Info.plist;
				LD_RUNPATH_SEARCH_PATHS = "$(inherited) @executable_path/Frameworks";
				PRODUCT_BUNDLE_IDENTIFIER = co.svzosorio.MagicConchShell;
				PRODUCT_NAME = MaigConchShell;
				PROVISIONING_PROFILE = "";
			};
			name = Release;
		};
/* End XCBuildConfiguration section */

/* Begin XCConfigurationList section */
		92381FDD1CA4725800B9AD21 /* Build configuration list for PBXProject "MaigConchShell" */ = {
			isa = XCConfigurationList;
			buildConfigurations = (
				92381FF21CA4725800B9AD21 /* Debug */,
				92381FF31CA4725800B9AD21 /* Release */,
			);
			defaultConfigurationIsVisible = 0;
			defaultConfigurationName = Release;
		};
		92381FF41CA4725800B9AD21 /* Build configuration list for PBXNativeTarget "MaigConchShell" */ = {
			isa = XCConfigurationList;
			buildConfigurations = (
				92381FF51CA4725800B9AD21 /* Debug */,
				92381FF61CA4725800B9AD21 /* Release */,
			);
			defaultConfigurationIsVisible = 0;
			defaultConfigurationName = Release;
		};
/* End XCConfigurationList section */
	};
	rootObject = 92381FDA1CA4725800B9AD21 /* Project object */;
}
